
Microsoft Visual Studio Solution File, Format Version 12.00
# Visual Studio Version 16
VisualStudioVersion = 16.0.29025.244
MinimumVisualStudioVersion = 10.0.40219.1
Project("{9A19103F-16F7-4668-BE54-9A1E7A4F7556}") = "SketchBook", "SketchBook\SketchBook.csproj", "{D052FF0D-062E-42CD-BA1E-C559999167F1}"
EndProject
Project("{9A19103F-16F7-4668-BE54-9A1E7A4F7556}") = "Console.NetCore", "Console.NetCore\Console.NetCore.csproj", "{B712D3E6-E0B7-42FF-95EC-1933D14E9F9C}"
EndProject
Project("{9A19103F-16F7-4668-BE54-9A1E7A4F7556}") = "ClassLibraryNetStandart", "ClassLibraryNetStandart\ClassLibraryNetStandart.csproj", "{A39C2F8C-4690-45E2-83EE-479314A65C85}"
EndProject
Project("{FAE04EC0-301F-11D3-BF4B-00C04F79EFBC}") = "TinyWebApiForBalanceAdjustment", "TinyWebApiForBalanceAdjustment\TinyWebApiForBalanceAdjustment.csproj", "{60300CF4-760D-4E9B-AE61-58CEC09D80E3}"
EndProject
Global
	GlobalSection(SolutionConfigurationPlatforms) = preSolution
		Debug|Any CPU = Debug|Any CPU
		Release|Any CPU = Release|Any CPU
	EndGlobalSection
	GlobalSection(ProjectConfigurationPlatforms) = postSolution
		{D052FF0D-062E-42CD-BA1E-C559999167F1}.Debug|Any CPU.ActiveCfg = Debug|Any CPU
		{D052FF0D-062E-42CD-BA1E-C559999167F1}.Debug|Any CPU.Build.0 = Debug|Any CPU
		{D052FF0D-062E-42CD-BA1E-C559999167F1}.Release|Any CPU.ActiveCfg = Release|Any CPU
		{D052FF0D-062E-42CD-BA1E-C559999167F1}.Release|Any CPU.Build.0 = Release|Any CPU
		{B712D3E6-E0B7-42FF-95EC-1933D14E9F9C}.Debug|Any CPU.ActiveCfg = Debug|Any CPU
		{B712D3E6-E0B7-42FF-95EC-1933D14E9F9C}.Debug|Any CPU.Build.0 = Debug|Any CPU
		{B712D3E6-E0B7-42FF-95EC-1933D14E9F9C}.Release|Any CPU.ActiveCfg = Release|Any CPU
		{B712D3E6-E0B7-42FF-95EC-1933D14E9F9C}.Release|Any CPU.Build.0 = Release|Any CPU
		{A39C2F8C-4690-45E2-83EE-479314A65C85}.Debug|Any CPU.ActiveCfg = Debug|Any CPU
		{A39C2F8C-4690-45E2-83EE-479314A65C85}.Debug|Any CPU.Build.0 = Debug|Any CPU
		{A39C2F8C-4690-45E2-83EE-479314A65C85}.Release|Any CPU.ActiveCfg = Release|Any CPU
		{A39C2F8C-4690-45E2-83EE-479314A65C85}.Release|Any CPU.Build.0 = Release|Any CPU
		{60300CF4-760D-4E9B-AE61-58CEC09D80E3}.Debug|Any CPU.ActiveCfg = Debug|Any CPU
		{60300CF4-760D-4E9B-AE61-58CEC09D80E3}.Debug|Any CPU.Build.0 = Debug|Any CPU
		{60300CF4-760D-4E9B-AE61-58CEC09D80E3}.Release|Any CPU.ActiveCfg = Release|Any CPU
		{60300CF4-760D-4E9B-AE61-58CEC09D80E3}.Release|Any CPU.Build.0 = Release|Any CPU
	EndGlobalSection
	GlobalSection(SolutionProperties) = preSolution
		HideSolutionNode = FALSE
	EndGlobalSection
	GlobalSection(ExtensibilityGlobals) = postSolution
		SolutionGuid = {958B58D0-F4B5-4CA7-88D8-A823B09813CB}
	EndGlobalSection
EndGlobal
